{
  "requires": true,
  "lockfileVersion": 1,
  "dependencies": {
    "commander": {
      "version": "1.1.1",
      "resolved": "https://registry.npmjs.org/commander/-/commander-1.1.1.tgz",
      "integrity": "sha1-UNFlGGiuYOzP8KLZ80WVN2vGsEE=",
      "requires": {
        "keypress": "0.1.x"
      }
    },
    "keypress": {
      "version": "0.1.0",
      "resolved": "https://registry.npmjs.org/keypress/-/keypress-0.1.0.tgz",
      "integrity": "sha1-SjGI1CkbZrT2XtuZ+AaqmuKTWSo="
    },
    "kuduscript": {
      "version": "https://github.com/projectkudu/KuduScript/tarball/600eb9d34363b77e95cbe748db45792aacb36d24",
      "integrity": "sha512-xhDyavTqxAdUhUTUy4qr2RW2vonS8xtl/rbQFfN6Lk2bac+XMrX2IsXVogcx0TjMje1OP/HZLH7RFkuGZPnkYQ==",
      "requires": {
        "commander": "~1.1.1",
        "streamline": "^0.4.11"
      }
    },
    "streamline": {
      "version": "0.4.11",
      "resolved": "https://registry.npmjs.org/streamline/-/streamline-0.4.11.tgz",
      "integrity": "sha1-DjxPJKPwUrIxsS1QSQhaCgmb54I="
    }
  }
}
