
Microsoft Visual Studio Solution File, Format Version 11.00
# Visual Studio 2010
Project("{FAE04EC0-301F-11D3-BF4B-00C04F79EFBC}") = "Kudu.Core", "Kudu.Core\Kudu.Core.csproj", "{5320177C-725A-44BD-8FA6-F88D9725B46C}"
EndProject
Project("{FAE04EC0-301F-11D3-BF4B-00C04F79EFBC}") = "Kudu.Web", "Kudu.Web\Kudu.Web.csproj", "{B0265397-6FCD-4C67-8785-3272D8C1AD79}"
	ProjectSection(ProjectDependencies) = postProject
		{6295D938-63FD-4C26-AE00-B32776CC689E} = {6295D938-63FD-4C26-AE00-B32776CC689E}
	EndProjectSection
EndProject
Project("{2150E333-8FDC-42A3-9474-1A3956D46DE8}") = "tests", "tests", "{FA1EA7CE-E6A4-4E55-AD76-6B43572A9092}"
EndProject
Project("{FAE04EC0-301F-11D3-BF4B-00C04F79EFBC}") = "Kudu.Core.Test", "Kudu.Core.Test\Kudu.Core.Test.csproj", "{4ED64AAA-8F69-4FEE-9004-9060A9CB8111}"
EndProject
Project("{FAE04EC0-301F-11D3-BF4B-00C04F79EFBC}") = "Kudu.Services", "Kudu.Services\Kudu.Services.csproj", "{D163E227-9EB6-4619-AD37-D8EEF831AEF0}"
EndProject
Project("{FAE04EC0-301F-11D3-BF4B-00C04F79EFBC}") = "Kudu.Services.Web", "Kudu.Services.Web\Kudu.Services.Web.csproj", "{6295D938-63FD-4C26-AE00-B32776CC689E}"
EndProject
Project("{FAE04EC0-301F-11D3-BF4B-00C04F79EFBC}") = "Kudu.Client", "Kudu.Client\Kudu.Client.csproj", "{222E740B-EF14-4976-A9DC-C12CF57A46A2}"
EndProject
Project("{FAE04EC0-301F-11D3-BF4B-00C04F79EFBC}") = "Kudu.SignalR", "Kudu.SignalR\Kudu.SignalR.csproj", "{E9D6C37C-09D5-4E11-A52D-190C3A6C5B10}"
EndProject
Project("{FAE04EC0-301F-11D3-BF4B-00C04F79EFBC}") = "Kudu.Contracts", "Kudu.Contracts\Kudu.Contracts.csproj", "{EC0ED988-2C60-4F31-A434-645E048BFD95}"
EndProject
Global
	GlobalSection(SolutionConfigurationPlatforms) = preSolution
		Debug|Any CPU = Debug|Any CPU
		Debug|Mixed Platforms = Debug|Mixed Platforms
		Debug|x86 = Debug|x86
		Release|Any CPU = Release|Any CPU
		Release|Mixed Platforms = Release|Mixed Platforms
		Release|x86 = Release|x86
	EndGlobalSection
	GlobalSection(ProjectConfigurationPlatforms) = postSolution
		{5320177C-725A-44BD-8FA6-F88D9725B46C}.Debug|Any CPU.ActiveCfg = Debug|Any CPU
		{5320177C-725A-44BD-8FA6-F88D9725B46C}.Debug|Any CPU.Build.0 = Debug|Any CPU
		{5320177C-725A-44BD-8FA6-F88D9725B46C}.Debug|Mixed Platforms.ActiveCfg = Debug|Any CPU
		{5320177C-725A-44BD-8FA6-F88D9725B46C}.Debug|Mixed Platforms.Build.0 = Debug|Any CPU
		{5320177C-725A-44BD-8FA6-F88D9725B46C}.Debug|x86.ActiveCfg = Debug|Any CPU
		{5320177C-725A-44BD-8FA6-F88D9725B46C}.Release|Any CPU.ActiveCfg = Release|Any CPU
		{5320177C-725A-44BD-8FA6-F88D9725B46C}.Release|Any CPU.Build.0 = Release|Any CPU
		{5320177C-725A-44BD-8FA6-F88D9725B46C}.Release|Mixed Platforms.ActiveCfg = Release|Any CPU
		{5320177C-725A-44BD-8FA6-F88D9725B46C}.Release|Mixed Platforms.Build.0 = Release|Any CPU
		{5320177C-725A-44BD-8FA6-F88D9725B46C}.Release|x86.ActiveCfg = Release|Any CPU
		{B0265397-6FCD-4C67-8785-3272D8C1AD79}.Debug|Any CPU.ActiveCfg = Debug|Any CPU
		{B0265397-6FCD-4C67-8785-3272D8C1AD79}.Debug|Any CPU.Build.0 = Debug|Any CPU
		{B0265397-6FCD-4C67-8785-3272D8C1AD79}.Debug|Mixed Platforms.ActiveCfg = Debug|Any CPU
		{B0265397-6FCD-4C67-8785-3272D8C1AD79}.Debug|Mixed Platforms.Build.0 = Debug|Any CPU
		{B0265397-6FCD-4C67-8785-3272D8C1AD79}.Debug|x86.ActiveCfg = Debug|Any CPU
		{B0265397-6FCD-4C67-8785-3272D8C1AD79}.Release|Any CPU.ActiveCfg = Release|Any CPU
		{B0265397-6FCD-4C67-8785-3272D8C1AD79}.Release|Any CPU.Build.0 = Release|Any CPU
		{B0265397-6FCD-4C67-8785-3272D8C1AD79}.Release|Mixed Platforms.ActiveCfg = Release|Any CPU
		{B0265397-6FCD-4C67-8785-3272D8C1AD79}.Release|Mixed Platforms.Build.0 = Release|Any CPU
		{B0265397-6FCD-4C67-8785-3272D8C1AD79}.Release|x86.ActiveCfg = Release|Any CPU
		{4ED64AAA-8F69-4FEE-9004-9060A9CB8111}.Debug|Any CPU.ActiveCfg = Debug|Any CPU
		{4ED64AAA-8F69-4FEE-9004-9060A9CB8111}.Debug|Any CPU.Build.0 = Debug|Any CPU
		{4ED64AAA-8F69-4FEE-9004-9060A9CB8111}.Debug|Mixed Platforms.ActiveCfg = Debug|Any CPU
		{4ED64AAA-8F69-4FEE-9004-9060A9CB8111}.Debug|Mixed Platforms.Build.0 = Debug|Any CPU
		{4ED64AAA-8F69-4FEE-9004-9060A9CB8111}.Debug|x86.ActiveCfg = Debug|Any CPU
		{4ED64AAA-8F69-4FEE-9004-9060A9CB8111}.Release|Any CPU.ActiveCfg = Release|Any CPU
		{4ED64AAA-8F69-4FEE-9004-9060A9CB8111}.Release|Any CPU.Build.0 = Release|Any CPU
		{4ED64AAA-8F69-4FEE-9004-9060A9CB8111}.Release|Mixed Platforms.ActiveCfg = Release|Any CPU
		{4ED64AAA-8F69-4FEE-9004-9060A9CB8111}.Release|Mixed Platforms.Build.0 = Release|Any CPU
		{4ED64AAA-8F69-4FEE-9004-9060A9CB8111}.Release|x86.ActiveCfg = Release|Any CPU
		{D163E227-9EB6-4619-AD37-D8EEF831AEF0}.Debug|Any CPU.ActiveCfg = Debug|Any CPU
		{D163E227-9EB6-4619-AD37-D8EEF831AEF0}.Debug|Any CPU.Build.0 = Debug|Any CPU
		{D163E227-9EB6-4619-AD37-D8EEF831AEF0}.Debug|Mixed Platforms.ActiveCfg = Debug|Any CPU
		{D163E227-9EB6-4619-AD37-D8EEF831AEF0}.Debug|Mixed Platforms.Build.0 = Debug|Any CPU
		{D163E227-9EB6-4619-AD37-D8EEF831AEF0}.Debug|x86.ActiveCfg = Debug|Any CPU
		{D163E227-9EB6-4619-AD37-D8EEF831AEF0}.Release|Any CPU.ActiveCfg = Release|Any CPU
		{D163E227-9EB6-4619-AD37-D8EEF831AEF0}.Release|Any CPU.Build.0 = Release|Any CPU
		{D163E227-9EB6-4619-AD37-D8EEF831AEF0}.Release|Mixed Platforms.ActiveCfg = Release|Any CPU
		{D163E227-9EB6-4619-AD37-D8EEF831AEF0}.Release|Mixed Platforms.Build.0 = Release|Any CPU
		{D163E227-9EB6-4619-AD37-D8EEF831AEF0}.Release|x86.ActiveCfg = Release|Any CPU
		{6295D938-63FD-4C26-AE00-B32776CC689E}.Debug|Any CPU.ActiveCfg = Debug|Any CPU
		{6295D938-63FD-4C26-AE00-B32776CC689E}.Debug|Any CPU.Build.0 = Debug|Any CPU
		{6295D938-63FD-4C26-AE00-B32776CC689E}.Debug|Mixed Platforms.ActiveCfg = Debug|Any CPU
		{6295D938-63FD-4C26-AE00-B32776CC689E}.Debug|Mixed Platforms.Build.0 = Debug|Any CPU
		{6295D938-63FD-4C26-AE00-B32776CC689E}.Debug|x86.ActiveCfg = Debug|Any CPU
		{6295D938-63FD-4C26-AE00-B32776CC689E}.Release|Any CPU.ActiveCfg = Release|Any CPU
		{6295D938-63FD-4C26-AE00-B32776CC689E}.Release|Any CPU.Build.0 = Release|Any CPU
		{6295D938-63FD-4C26-AE00-B32776CC689E}.Release|Mixed Platforms.ActiveCfg = Release|Any CPU
		{6295D938-63FD-4C26-AE00-B32776CC689E}.Release|Mixed Platforms.Build.0 = Release|Any CPU
		{6295D938-63FD-4C26-AE00-B32776CC689E}.Release|x86.ActiveCfg = Release|Any CPU
		{222E740B-EF14-4976-A9DC-C12CF57A46A2}.Debug|Any CPU.ActiveCfg = Debug|Any CPU
		{222E740B-EF14-4976-A9DC-C12CF57A46A2}.Debug|Any CPU.Build.0 = Debug|Any CPU
		{222E740B-EF14-4976-A9DC-C12CF57A46A2}.Debug|Mixed Platforms.ActiveCfg = Debug|Any CPU
		{222E740B-EF14-4976-A9DC-C12CF57A46A2}.Debug|Mixed Platforms.Build.0 = Debug|Any CPU
		{222E740B-EF14-4976-A9DC-C12CF57A46A2}.Debug|x86.ActiveCfg = Debug|Any CPU
		{222E740B-EF14-4976-A9DC-C12CF57A46A2}.Release|Any CPU.ActiveCfg = Release|Any CPU
		{222E740B-EF14-4976-A9DC-C12CF57A46A2}.Release|Any CPU.Build.0 = Release|Any CPU
		{222E740B-EF14-4976-A9DC-C12CF57A46A2}.Release|Mixed Platforms.ActiveCfg = Release|Any CPU
		{222E740B-EF14-4976-A9DC-C12CF57A46A2}.Release|Mixed Platforms.Build.0 = Release|Any CPU
		{222E740B-EF14-4976-A9DC-C12CF57A46A2}.Release|x86.ActiveCfg = Release|Any CPU
		{E9D6C37C-09D5-4E11-A52D-190C3A6C5B10}.Debug|Any CPU.ActiveCfg = Debug|Any CPU
		{E9D6C37C-09D5-4E11-A52D-190C3A6C5B10}.Debug|Any CPU.Build.0 = Debug|Any CPU
		{E9D6C37C-09D5-4E11-A52D-190C3A6C5B10}.Debug|Mixed Platforms.ActiveCfg = Debug|Any CPU
		{E9D6C37C-09D5-4E11-A52D-190C3A6C5B10}.Debug|Mixed Platforms.Build.0 = Debug|Any CPU
		{E9D6C37C-09D5-4E11-A52D-190C3A6C5B10}.Debug|x86.ActiveCfg = Debug|Any CPU
		{E9D6C37C-09D5-4E11-A52D-190C3A6C5B10}.Release|Any CPU.ActiveCfg = Release|Any CPU
		{E9D6C37C-09D5-4E11-A52D-190C3A6C5B10}.Release|Any CPU.Build.0 = Release|Any CPU
		{E9D6C37C-09D5-4E11-A52D-190C3A6C5B10}.Release|Mixed Platforms.ActiveCfg = Release|Any CPU
		{E9D6C37C-09D5-4E11-A52D-190C3A6C5B10}.Release|Mixed Platforms.Build.0 = Release|Any CPU
		{E9D6C37C-09D5-4E11-A52D-190C3A6C5B10}.Release|x86.ActiveCfg = Release|Any CPU
		{EC0ED988-2C60-4F31-A434-645E048BFD95}.Debug|Any CPU.ActiveCfg = Debug|Any CPU
		{EC0ED988-2C60-4F31-A434-645E048BFD95}.Debug|Any CPU.Build.0 = Debug|Any CPU
		{EC0ED988-2C60-4F31-A434-645E048BFD95}.Debug|Mixed Platforms.ActiveCfg = Debug|Any CPU
		{EC0ED988-2C60-4F31-A434-645E048BFD95}.Debug|Mixed Platforms.Build.0 = Debug|Any CPU
		{EC0ED988-2C60-4F31-A434-645E048BFD95}.Debug|x86.ActiveCfg = Debug|Any CPU
		{EC0ED988-2C60-4F31-A434-645E048BFD95}.Release|Any CPU.ActiveCfg = Release|Any CPU
		{EC0ED988-2C60-4F31-A434-645E048BFD95}.Release|Any CPU.Build.0 = Release|Any CPU
		{EC0ED988-2C60-4F31-A434-645E048BFD95}.Release|Mixed Platforms.ActiveCfg = Release|Any CPU
		{EC0ED988-2C60-4F31-A434-645E048BFD95}.Release|Mixed Platforms.Build.0 = Release|Any CPU
		{EC0ED988-2C60-4F31-A434-645E048BFD95}.Release|x86.ActiveCfg = Release|Any CPU
	EndGlobalSection
	GlobalSection(SolutionProperties) = preSolution
		HideSolutionNode = FALSE
	EndGlobalSection
	GlobalSection(NestedProjects) = preSolution
		{4ED64AAA-8F69-4FEE-9004-9060A9CB8111} = {FA1EA7CE-E6A4-4E55-AD76-6B43572A9092}
	EndGlobalSection
EndGlobal
