{
  "requires": true,
  "lockfileVersion": 1,
  "dependencies": {
    "commander": {
      "version": "1.1.1",
      "resolved": "https://registry.npmjs.org/commander/-/commander-1.1.1.tgz",
      "integrity": "sha1-UNFlGGiuYOzP8KLZ80WVN2vGsEE=",
      "requires": {
        "keypress": "0.1.x"
      }
    },
    "keypress": {
      "version": "0.1.0",
      "resolved": "https://registry.npmjs.org/keypress/-/keypress-0.1.0.tgz",
      "integrity": "sha1-SjGI1CkbZrT2XtuZ+AaqmuKTWSo="
    },
    "kuduscript": {
      "version": "https://github.com/projectkudu/KuduScript/tarball/63b76fde931c0041c7ba44f599348dadcb4fe702",
      "integrity": "sha512-jDSmKKfpIVTsUoS1Fc1HFIzlrpRzQwY3PevW4KtbALPI/OcIxf6W3pFJvQ6q1nOzzX4GE275NgK0F3XoYpQRHg==",
      "requires": {
        "commander": "~1.1.1",
        "streamline": "^0.4.11"
      }
    },
    "streamline": {
      "version": "0.4.11",
      "resolved": "https://registry.npmjs.org/streamline/-/streamline-0.4.11.tgz",
      "integrity": "sha1-DjxPJKPwUrIxsS1QSQhaCgmb54I="
    }
  }
}
